
Microsoft Visual Studio Solution File, Format Version 12.00
# Visual Studio Version 16
VisualStudioVersion = 16.0.30804.86
MinimumVisualStudioVersion = 10.0.40219.1
Project("{F2A71F9B-5D33-465A-A702-920D77279786}") = "unrealTurtlesLib", "unrealTurtlesLib.fsproj", "{391551AB-CF0B-46D1-973F-097D139397CD}"
EndProject
Global
	GlobalSection(SolutionConfigurationPlatforms) = preSolution
		Debug|Any CPU = Debug|Any CPU
		Release|Any CPU = Release|Any CPU
	EndGlobalSection
	GlobalSection(ProjectConfigurationPlatforms) = postSolution
		{391551AB-CF0B-46D1-973F-097D139397CD}.Debug|Any CPU.ActiveCfg = Debug|Any CPU
		{391551AB-CF0B-46D1-973F-097D139397CD}.Debug|Any CPU.Build.0 = Debug|Any CPU
		{391551AB-CF0B-46D1-973F-097D139397CD}.Release|Any CPU.ActiveCfg = Release|Any CPU
		{391551AB-CF0B-46D1-973F-097D139397CD}.Release|Any CPU.Build.0 = Release|Any CPU
	EndGlobalSection
	GlobalSection(SolutionProperties) = preSolution
		HideSolutionNode = FALSE
	EndGlobalSection
	GlobalSection(ExtensibilityGlobals) = postSolution
		SolutionGuid = {F3B33553-CC5A-4139-A670-D0F3EFADC16B}
	EndGlobalSection
EndGlobal
